// !$*UTF8*$!
{
	archiveVersion = 1;
	classes = {
	};
	objectVersion = 53;
	objects = {

/* Begin PBXAggregateTarget section */
		802BEB32299A4BEA00AECEDF /* btrfs */ = {
			isa = PBXAggregateTarget;
			buildConfigurationList = 802BEB33299A4BEA00AECEDF /* Build configuration list for PBXAggregateTarget "btrfs" */;
			buildPhases = (
			);
			dependencies = (
				802BEB37299A4C4E00AECEDF /* PBXTargetDependency */,
				802BEB39299A4C5500AECEDF /* PBXTargetDependency */,
				80BBC39A299CECDE0058159F /* PBXTargetDependency */,
				80BBC39C299CECE60058159F /* PBXTargetDependency */,
			);
			name = btrfs;
			productName = btrfs;
		};
/* End PBXAggregateTarget section */

/* Begin PBXBuildFile section */
		8028D3C929DE7D9100DA9730 /* btrfs_vnops.c in Sources */ = {isa = PBXBuildFile; fileRef = 8028D3C729DE77F200DA9730 /* btrfs_vnops.c */; };
		802BEB31299A4AEA00AECEDF /* CoreFoundation.framework in Frameworks */ = {isa = PBXBuildFile; fileRef = 802BEB30299A4AEA00AECEDF /* CoreFoundation.framework */; };
		802BEB3E299A4D5800AECEDF /* InfoPlist.strings in Resources */ = {isa = PBXBuildFile; fileRef = 802BEB3C299A4D2A00AECEDF /* InfoPlist.strings */; };
		802F91CB2820D469002C3B7A /* btrfs_vfsops.c in Sources */ = {isa = PBXBuildFile; fileRef = 802F91CA2820D469002C3B7A /* btrfs_vfsops.c */; };
		80575A9B29FA9874006D746B /* btrfs_mapping.c in Sources */ = {isa = PBXBuildFile; fileRef = 80575A9A29FA9874006D746B /* btrfs_mapping.c */; };
		805876F2269B8898000C37BB /* libutil.tbd in Frameworks */ = {isa = PBXBuildFile; fileRef = 805876F1269B8898000C37BB /* libutil.tbd */; };
		805F6B5A265C0DD300531605 /* btrfs.util.c in Sources */ = {isa = PBXBuildFile; fileRef = 809083A4265BC8910086C020 /* btrfs.util.c */; };
		80AEB7F1269361BE00C93F47 /* mount_btrfs.c in Sources */ = {isa = PBXBuildFile; fileRef = 80AEB7E42693619A00C93F47 /* mount_btrfs.c */; };
		80B40DE9299982310095B874 /* btrfs_parse.c in Sources */ = {isa = PBXBuildFile; fileRef = 80B40DE7299982310095B874 /* btrfs_parse.c */; };
/* End PBXBuildFile section */

/* Begin PBXContainerItemProxy section */
		802BEB36299A4C4E00AECEDF /* PBXContainerItemProxy */ = {
			isa = PBXContainerItemProxy;
			containerPortal = 8047692E265AAA1F0019F414 /* Project object */;
			proxyType = 1;
			remoteGlobalIDString = 80AF807D265D207F00F7A600;
			remoteInfo = btrfs.fs;
		};
		802BEB38299A4C5500AECEDF /* PBXContainerItemProxy */ = {
			isa = PBXContainerItemProxy;
			containerPortal = 8047692E265AAA1F0019F414 /* Project object */;
			proxyType = 1;
			remoteGlobalIDString = 805F6B52265C0DC900531605;
			remoteInfo = btrfs.util;
		};
		80AEB7F22693627100C93F47 /* PBXContainerItemProxy */ = {
			isa = PBXContainerItemProxy;
			containerPortal = 8047692E265AAA1F0019F414 /* Project object */;
			proxyType = 1;
			remoteGlobalIDString = 80476936265AAA1F0019F414;
			remoteInfo = "macos-btrfs";
		};
		80BBC399299CECDE0058159F /* PBXContainerItemProxy */ = {
			isa = PBXContainerItemProxy;
			containerPortal = 8047692E265AAA1F0019F414 /* Project object */;
			proxyType = 1;
			remoteGlobalIDString = 80AEB7E9269361B000C93F47;
			remoteInfo = mount_btrfs;
		};
		80BBC39B299CECE60058159F /* PBXContainerItemProxy */ = {
			isa = PBXContainerItemProxy;
			containerPortal = 8047692E265AAA1F0019F414 /* Project object */;
			proxyType = 1;
			remoteGlobalIDString = 80476936265AAA1F0019F414;
			remoteInfo = "macos-btrfs";
		};
		80CE97A6265E77030028C3CE /* PBXContainerItemProxy */ = {
			isa = PBXContainerItemProxy;
			containerPortal = 8047692E265AAA1F0019F414 /* Project object */;
			proxyType = 1;
			remoteGlobalIDString = 80476936265AAA1F0019F414;
			remoteInfo = "macos-btrfs";
		};
/* End PBXContainerItemProxy section */

/* Begin PBXCopyFilesBuildPhase section */
		805F6B51265C0DC900531605 /* CopyFiles */ = {
			isa = PBXCopyFilesBuildPhase;
			buildActionMask = 2147483647;
			dstPath = /usr/share/man/man1/;
			dstSubfolderSpec = 0;
			files = (
			);
			runOnlyForDeploymentPostprocessing = 1;
		};
		80AEB7E8269361B000C93F47 /* CopyFiles */ = {
			isa = PBXCopyFilesBuildPhase;
			buildActionMask = 2147483647;
			dstPath = /usr/share/man/man1/;
			dstSubfolderSpec = 0;
			files = (
			);
			runOnlyForDeploymentPostprocessing = 1;
		};
/* End PBXCopyFilesBuildPhase section */

/* Begin PBXFileReference section */
		8028D3C729DE77F200DA9730 /* btrfs_vnops.c */ = {isa = PBXFileReference; lastKnownFileType = sourcecode.c.c; path = btrfs_vnops.c; sourceTree = "<group>"; };
		802BEB30299A4AEA00AECEDF /* CoreFoundation.framework */ = {isa = PBXFileReference; lastKnownFileType = wrapper.framework; name = CoreFoundation.framework; path = System/Library/Frameworks/CoreFoundation.framework; sourceTree = SDKROOT; };
		802BEB3C299A4D2A00AECEDF /* InfoPlist.strings */ = {isa = PBXFileReference; explicitFileType = text.xml; path = InfoPlist.strings; sourceTree = "<group>"; };
		802BEB42299A5AD700AECEDF /* Kernel.framework */ = {isa = PBXFileReference; lastKnownFileType = wrapper.framework; name = Kernel.framework; path = System/Library/Frameworks/Kernel.framework; sourceTree = SDKROOT; };
		802F91C828209F6A002C3B7A /* btrfs_volume.h */ = {isa = PBXFileReference; lastKnownFileType = sourcecode.c.h; path = btrfs_volume.h; sourceTree = "<group>"; };
		802F91CA2820D469002C3B7A /* btrfs_vfsops.c */ = {isa = PBXFileReference; lastKnownFileType = sourcecode.c.c; path = btrfs_vfsops.c; sourceTree = "<group>"; };
		80476937265AAA1F0019F414 /* macos-btrfs.kext */ = {isa = PBXFileReference; explicitFileType = wrapper.cfbundle; includeInIndex = 0; path = "macos-btrfs.kext"; sourceTree = BUILT_PRODUCTS_DIR; };
		8047693C265AAA1F0019F414 /* Info.plist */ = {isa = PBXFileReference; lastKnownFileType = text.plist.xml; path = Info.plist; sourceTree = "<group>"; };
		80575A9929FA9874006D746B /* btrfs_mapping.h */ = {isa = PBXFileReference; lastKnownFileType = sourcecode.c.h; path = btrfs_mapping.h; sourceTree = "<group>"; };
		80575A9A29FA9874006D746B /* btrfs_mapping.c */ = {isa = PBXFileReference; lastKnownFileType = sourcecode.c.c; path = btrfs_mapping.c; sourceTree = "<group>"; };
		805876F1269B8898000C37BB /* libutil.tbd */ = {isa = PBXFileReference; lastKnownFileType = "sourcecode.text-based-dylib-definition"; name = libutil.tbd; path = usr/lib/libutil.tbd; sourceTree = SDKROOT; };
		805876F5269BA46A000C37BB /* mntopts.h */ = {isa = PBXFileReference; fileEncoding = 4; lastKnownFileType = sourcecode.c.h; path = mntopts.h; sourceTree = "<group>"; };
		805F6B48265BF50900531605 /* CoreFoundation.framework */ = {isa = PBXFileReference; lastKnownFileType = wrapper.framework; name = CoreFoundation.framework; path = Platforms/MacOSX.platform/Developer/SDKs/MacOSX10.14.sdk/System/Library/Frameworks/CoreFoundation.framework; sourceTree = DEVELOPER_DIR; };
		805F6B53265C0DC900531605 /* btrfs.util */ = {isa = PBXFileReference; explicitFileType = "compiled.mach-o.executable"; includeInIndex = 0; path = btrfs.util; sourceTree = BUILT_PRODUCTS_DIR; };
		80735C0F265E4E8F00C3CD1B /* LICENSE */ = {isa = PBXFileReference; lastKnownFileType = text; path = LICENSE; sourceTree = "<group>"; };
		80735C25265E510500C3CD1B /* README.md */ = {isa = PBXFileReference; lastKnownFileType = net.daringfireball.markdown; path = README.md; sourceTree = "<group>"; };
		80770AEB278A3FA800DBC29C /* btrfs.h */ = {isa = PBXFileReference; lastKnownFileType = sourcecode.c.h; path = btrfs.h; sourceTree = "<group>"; };
		809083A4265BC8910086C020 /* btrfs.util.c */ = {isa = PBXFileReference; lastKnownFileType = sourcecode.c.c; name = btrfs.util.c; path = btrfs.util/btrfs.util.c; sourceTree = SOURCE_ROOT; };
		809F68DA2660FA3700F29922 /* btrfs_filesystem.h */ = {isa = PBXFileReference; lastKnownFileType = sourcecode.c.h; path = btrfs_filesystem.h; sourceTree = "<group>"; };
		80AEB7E42693619A00C93F47 /* mount_btrfs.c */ = {isa = PBXFileReference; lastKnownFileType = sourcecode.c.c; path = mount_btrfs.c; sourceTree = "<group>"; };
		80AEB7EA269361B000C93F47 /* mount_btrfs */ = {isa = PBXFileReference; explicitFileType = "compiled.mach-o.executable"; includeInIndex = 0; path = mount_btrfs; sourceTree = BUILT_PRODUCTS_DIR; };
		80AF807E265D207F00F7A600 /* btrfs.fs */ = {isa = PBXFileReference; explicitFileType = wrapper.cfbundle; includeInIndex = 0; path = btrfs.fs; sourceTree = BUILT_PRODUCTS_DIR; };
		80AF8080265D207F00F7A600 /* Info.plist */ = {isa = PBXFileReference; lastKnownFileType = text.plist.xml; path = Info.plist; sourceTree = "<group>"; };
		80B40DE6299982310095B874 /* btrfs_parse.h */ = {isa = PBXFileReference; lastKnownFileType = sourcecode.c.h; path = btrfs_parse.h; sourceTree = "<group>"; };
		80B40DE7299982310095B874 /* btrfs_parse.c */ = {isa = PBXFileReference; lastKnownFileType = sourcecode.c.c; path = btrfs_parse.c; sourceTree = "<group>"; };
		80E82298299A7704005210AA /* libsystem_kernel.tbd */ = {isa = PBXFileReference; lastKnownFileType = "sourcecode.text-based-dylib-definition"; name = libsystem_kernel.tbd; path = usr/lib/system/libsystem_kernel.tbd; sourceTree = SDKROOT; };
		80E8229A299A7868005210AA /* libkmod.a */ = {isa = PBXFileReference; lastKnownFileType = archive.ar; name = libkmod.a; path = usr/lib/libkmod.a; sourceTree = SDKROOT; };
		80F302CB29DFA4C70021CAF8 /* btrfs_vnops.h */ = {isa = PBXFileReference; lastKnownFileType = sourcecode.c.h; path = btrfs_vnops.h; sourceTree = "<group>"; };
/* End PBXFileReference section */

/* Begin PBXFrameworksBuildPhase section */
		805F6B50265C0DC900531605 /* Frameworks */ = {
			isa = PBXFrameworksBuildPhase;
			buildActionMask = 2147483647;
			files = (
				802BEB31299A4AEA00AECEDF /* CoreFoundation.framework in Frameworks */,
			);
			runOnlyForDeploymentPostprocessing = 0;
		};
		80AEB7E7269361B000C93F47 /* Frameworks */ = {
			isa = PBXFrameworksBuildPhase;
			buildActionMask = 2147483647;
			files = (
				805876F2269B8898000C37BB /* libutil.tbd in Frameworks */,
			);
			runOnlyForDeploymentPostprocessing = 0;
		};
		80AF807B265D207F00F7A600 /* Frameworks */ = {
			isa = PBXFrameworksBuildPhase;
			buildActionMask = 2147483647;
			files = (
			);
			runOnlyForDeploymentPostprocessing = 0;
		};
		80E82295299A7324005210AA /* Frameworks */ = {
			isa = PBXFrameworksBuildPhase;
			buildActionMask = 2147483647;
			files = (
			);
			runOnlyForDeploymentPostprocessing = 0;
		};
/* End PBXFrameworksBuildPhase section */

/* Begin PBXGroup section */
		8047692D265AAA1F0019F414 = {
			isa = PBXGroup;
			children = (
				80AEB7E32693617900C93F47 /* mount */,
				80735C25265E510500C3CD1B /* README.md */,
				80735C0F265E4E8F00C3CD1B /* LICENSE */,
				805F6B67265C3E9500531605 /* btrfs_filesystem */,
				80476939265AAA1F0019F414 /* macos-btrfs */,
				805F6B54265C0DC900531605 /* btrfs.util */,
				80AF807F265D207F00F7A600 /* btrfs_fs */,
				80476938265AAA1F0019F414 /* Products */,
				805F6B47265BF50800531605 /* Frameworks */,
			);
			sourceTree = "<group>";
			usesTabs = 1;
		};
		80476938265AAA1F0019F414 /* Products */ = {
			isa = PBXGroup;
			children = (
				80476937265AAA1F0019F414 /* macos-btrfs.kext */,
				805F6B53265C0DC900531605 /* btrfs.util */,
				80AF807E265D207F00F7A600 /* btrfs.fs */,
				80AEB7EA269361B000C93F47 /* mount_btrfs */,
			);
			name = Products;
			sourceTree = "<group>";
		};
		80476939265AAA1F0019F414 /* macos-btrfs */ = {
			isa = PBXGroup;
			children = (
				8047693C265AAA1F0019F414 /* Info.plist */,
			);
			path = "macos-btrfs";
			sourceTree = "<group>";
		};
		805F6B47265BF50800531605 /* Frameworks */ = {
			isa = PBXGroup;
			children = (
				80E8229A299A7868005210AA /* libkmod.a */,
				80E82298299A7704005210AA /* libsystem_kernel.tbd */,
				802BEB42299A5AD700AECEDF /* Kernel.framework */,
				802BEB30299A4AEA00AECEDF /* CoreFoundation.framework */,
				805876F1269B8898000C37BB /* libutil.tbd */,
				805F6B48265BF50900531605 /* CoreFoundation.framework */,
			);
			name = Frameworks;
			sourceTree = "<group>";
		};
		805F6B54265C0DC900531605 /* btrfs.util */ = {
			isa = PBXGroup;
			children = (
				809083A4265BC8910086C020 /* btrfs.util.c */,
			);
			path = btrfs.util;
			sourceTree = "<group>";
		};
		805F6B67265C3E9500531605 /* btrfs_filesystem */ = {
			isa = PBXGroup;
			children = (
				809F68DA2660FA3700F29922 /* btrfs_filesystem.h */,
				80770AEB278A3FA800DBC29C /* btrfs.h */,
				802F91C828209F6A002C3B7A /* btrfs_volume.h */,
				802F91CA2820D469002C3B7A /* btrfs_vfsops.c */,
				80B40DE6299982310095B874 /* btrfs_parse.h */,
				80B40DE7299982310095B874 /* btrfs_parse.c */,
				8028D3C729DE77F200DA9730 /* btrfs_vnops.c */,
				80F302CB29DFA4C70021CAF8 /* btrfs_vnops.h */,
				80575A9929FA9874006D746B /* btrfs_mapping.h */,
				80575A9A29FA9874006D746B /* btrfs_mapping.c */,
			);
			path = btrfs_filesystem;
			sourceTree = "<group>";
		};
		80AEB7E32693617900C93F47 /* mount */ = {
			isa = PBXGroup;
			children = (
				805876F5269BA46A000C37BB /* mntopts.h */,
				80AEB7E42693619A00C93F47 /* mount_btrfs.c */,
			);
			path = mount;
			sourceTree = "<group>";
		};
		80AF807F265D207F00F7A600 /* btrfs_fs */ = {
			isa = PBXGroup;
			children = (
				80AF8080265D207F00F7A600 /* Info.plist */,
				802BEB3C299A4D2A00AECEDF /* InfoPlist.strings */,
			);
			path = btrfs_fs;
			sourceTree = "<group>";
		};
/* End PBXGroup section */

/* Begin PBXNativeTarget section */
		80476936265AAA1F0019F414 /* macos-btrfs */ = {
			isa = PBXNativeTarget;
			buildConfigurationList = 8047693F265AAA1F0019F414 /* Build configuration list for PBXNativeTarget "macos-btrfs" */;
			buildPhases = (
				80476933265AAA1F0019F414 /* Sources */,
				80E82295299A7324005210AA /* Frameworks */,
			);
			buildRules = (
			);
			dependencies = (
			);
			name = "macos-btrfs";
			productName = "macos-btrfs";
			productReference = 80476937265AAA1F0019F414 /* macos-btrfs.kext */;
			productType = "com.apple.product-type.kernel-extension";
		};
		805F6B52265C0DC900531605 /* btrfs.util */ = {
			isa = PBXNativeTarget;
			buildConfigurationList = 805F6B57265C0DC900531605 /* Build configuration list for PBXNativeTarget "btrfs.util" */;
			buildPhases = (
				805F6B4F265C0DC900531605 /* Sources */,
				805F6B50265C0DC900531605 /* Frameworks */,
				805F6B51265C0DC900531605 /* CopyFiles */,
			);
			buildRules = (
			);
			dependencies = (
				80CE97A7265E77030028C3CE /* PBXTargetDependency */,
			);
			name = btrfs.util;
			productName = btrfs.util;
			productReference = 805F6B53265C0DC900531605 /* btrfs.util */;
			productType = "com.apple.product-type.tool";
		};
		80AEB7E9269361B000C93F47 /* mount_btrfs */ = {
			isa = PBXNativeTarget;
			buildConfigurationList = 80AEB7EE269361B000C93F47 /* Build configuration list for PBXNativeTarget "mount_btrfs" */;
			buildPhases = (
				80AEB7E6269361B000C93F47 /* Sources */,
				80AEB7E7269361B000C93F47 /* Frameworks */,
				80AEB7E8269361B000C93F47 /* CopyFiles */,
			);
			buildRules = (
			);
			dependencies = (
				80AEB7F32693627100C93F47 /* PBXTargetDependency */,
			);
			name = mount_btrfs;
			productName = mount;
			productReference = 80AEB7EA269361B000C93F47 /* mount_btrfs */;
			productType = "com.apple.product-type.tool";
		};
		80AF807D265D207F00F7A600 /* btrfs.fs */ = {
			isa = PBXNativeTarget;
			buildConfigurationList = 80AF8081265D207F00F7A600 /* Build configuration list for PBXNativeTarget "btrfs.fs" */;
			buildPhases = (
				80AF807A265D207F00F7A600 /* Sources */,
				80AF807B265D207F00F7A600 /* Frameworks */,
				80AF807C265D207F00F7A600 /* Resources */,
			);
			buildRules = (
			);
			dependencies = (
			);
			name = btrfs.fs;
			productName = btrfs;
			productReference = 80AF807E265D207F00F7A600 /* btrfs.fs */;
			productType = "com.apple.product-type.bundle";
		};
/* End PBXNativeTarget section */

/* Begin PBXProject section */
		8047692E265AAA1F0019F414 /* Project object */ = {
			isa = PBXProject;
			attributes = {
				BuildIndependentTargetsInParallel = YES;
				LastUpgradeCheck = 1430;
				TargetAttributes = {
					802BEB32299A4BEA00AECEDF = {
						CreatedOnToolsVersion = 14.2;
					};
					80476936265AAA1F0019F414 = {
						CreatedOnToolsVersion = 12.5;
					};
					805F6B52265C0DC900531605 = {
						CreatedOnToolsVersion = 12.5;
					};
					80AEB7E9269361B000C93F47 = {
						CreatedOnToolsVersion = 12.5.1;
					};
					80AF807D265D207F00F7A600 = {
						CreatedOnToolsVersion = 12.5;
					};
				};
			};
			buildConfigurationList = 80476931265AAA1F0019F414 /* Build configuration list for PBXProject "macos-btrfs" */;
			compatibilityVersion = "Xcode 9.3";
			developmentRegion = en;
			hasScannedForEncodings = 0;
			knownRegions = (
				en,
				Base,
			);
			mainGroup = 8047692D265AAA1F0019F414;
			productRefGroup = 80476938265AAA1F0019F414 /* Products */;
			projectDirPath = "";
			projectRoot = "";
			targets = (
				802BEB32299A4BEA00AECEDF /* btrfs */,
				80AEB7E9269361B000C93F47 /* mount_btrfs */,
				80AF807D265D207F00F7A600 /* btrfs.fs */,
				80476936265AAA1F0019F414 /* macos-btrfs */,
				805F6B52265C0DC900531605 /* btrfs.util */,
			);
		};
/* End PBXProject section */

/* Begin PBXResourcesBuildPhase section */
		80AF807C265D207F00F7A600 /* Resources */ = {
			isa = PBXResourcesBuildPhase;
			buildActionMask = 2147483647;
			files = (
				802BEB3E299A4D5800AECEDF /* InfoPlist.strings in Resources */,
			);
			runOnlyForDeploymentPostprocessing = 0;
		};
/* End PBXResourcesBuildPhase section */

/* Begin PBXSourcesBuildPhase section */
		80476933265AAA1F0019F414 /* Sources */ = {
			isa = PBXSourcesBuildPhase;
			buildActionMask = 2147483647;
			files = (
				80575A9B29FA9874006D746B /* btrfs_mapping.c in Sources */,
				8028D3C929DE7D9100DA9730 /* btrfs_vnops.c in Sources */,
				802F91CB2820D469002C3B7A /* btrfs_vfsops.c in Sources */,
				80B40DE9299982310095B874 /* btrfs_parse.c in Sources */,
			);
			runOnlyForDeploymentPostprocessing = 0;
		};
		805F6B4F265C0DC900531605 /* Sources */ = {
			isa = PBXSourcesBuildPhase;
			buildActionMask = 2147483647;
			files = (
				805F6B5A265C0DD300531605 /* btrfs.util.c in Sources */,
			);
			runOnlyForDeploymentPostprocessing = 0;
		};
		80AEB7E6269361B000C93F47 /* Sources */ = {
			isa = PBXSourcesBuildPhase;
			buildActionMask = 2147483647;
			files = (
				80AEB7F1269361BE00C93F47 /* mount_btrfs.c in Sources */,
			);
			runOnlyForDeploymentPostprocessing = 0;
		};
		80AF807A265D207F00F7A600 /* Sources */ = {
			isa = PBXSourcesBuildPhase;
			buildActionMask = 2147483647;
			files = (
			);
			runOnlyForDeploymentPostprocessing = 0;
		};
/* End PBXSourcesBuildPhase section */

/* Begin PBXTargetDependency section */
		802BEB37299A4C4E00AECEDF /* PBXTargetDependency */ = {
			isa = PBXTargetDependency;
			target = 80AF807D265D207F00F7A600 /* btrfs.fs */;
			targetProxy = 802BEB36299A4C4E00AECEDF /* PBXContainerItemProxy */;
		};
		802BEB39299A4C5500AECEDF /* PBXTargetDependency */ = {
			isa = PBXTargetDependency;
			target = 805F6B52265C0DC900531605 /* btrfs.util */;
			targetProxy = 802BEB38299A4C5500AECEDF /* PBXContainerItemProxy */;
		};
		80AEB7F32693627100C93F47 /* PBXTargetDependency */ = {
			isa = PBXTargetDependency;
			target = 80476936265AAA1F0019F414 /* macos-btrfs */;
			targetProxy = 80AEB7F22693627100C93F47 /* PBXContainerItemProxy */;
		};
		80BBC39A299CECDE0058159F /* PBXTargetDependency */ = {
			isa = PBXTargetDependency;
			target = 80AEB7E9269361B000C93F47 /* mount_btrfs */;
			targetProxy = 80BBC399299CECDE0058159F /* PBXContainerItemProxy */;
		};
		80BBC39C299CECE60058159F /* PBXTargetDependency */ = {
			isa = PBXTargetDependency;
			target = 80476936265AAA1F0019F414 /* macos-btrfs */;
			targetProxy = 80BBC39B299CECE60058159F /* PBXContainerItemProxy */;
		};
		80CE97A7265E77030028C3CE /* PBXTargetDependency */ = {
			isa = PBXTargetDependency;
			target = 80476936265AAA1F0019F414 /* macos-btrfs */;
			targetProxy = 80CE97A6265E77030028C3CE /* PBXContainerItemProxy */;
		};
/* End PBXTargetDependency section */

/* Begin XCBuildConfiguration section */
		802BEB34299A4BEA00AECEDF /* Debug */ = {
			isa = XCBuildConfiguration;
			buildSettings = {
				CODE_SIGN_STYLE = Automatic;
				DEAD_CODE_STRIPPING = YES;
				DEVELOPMENT_TEAM = 5657UV779W;
				MACOSX_DEPLOYMENT_TARGET = 13.1;
				PRODUCT_NAME = "$(TARGET_NAME)";
			};
			name = Debug;
		};
		802BEB35299A4BEA00AECEDF /* Release */ = {
			isa = XCBuildConfiguration;
			buildSettings = {
				CODE_SIGN_STYLE = Automatic;
				DEAD_CODE_STRIPPING = YES;
				DEVELOPMENT_TEAM = 5657UV779W;
				MACOSX_DEPLOYMENT_TARGET = 13.1;
				PRODUCT_NAME = "$(TARGET_NAME)";
			};
			name = Release;
		};
		8047693D265AAA1F0019F414 /* Debug */ = {
			isa = XCBuildConfiguration;
			buildSettings = {
				ADDITIONAL_SDKS = "";
				ALWAYS_SEARCH_USER_PATHS = NO;
				CLANG_ANALYZER_NONNULL = YES;
				CLANG_ANALYZER_NUMBER_OBJECT_CONVERSION = YES_AGGRESSIVE;
				CLANG_CXX_LANGUAGE_STANDARD = "compiler-default";
				CLANG_CXX_LIBRARY = "libc++";
				CLANG_ENABLE_MODULES = YES;
				CLANG_ENABLE_OBJC_ARC = YES;
				CLANG_ENABLE_OBJC_WEAK = YES;
				CLANG_WARN_BLOCK_CAPTURE_AUTORELEASING = YES;
				CLANG_WARN_BOOL_CONVERSION = YES;
				CLANG_WARN_COMMA = YES;
				CLANG_WARN_CONSTANT_CONVERSION = YES;
				CLANG_WARN_DEPRECATED_OBJC_IMPLEMENTATIONS = YES;
				CLANG_WARN_DIRECT_OBJC_ISA_USAGE = YES_ERROR;
				CLANG_WARN_DOCUMENTATION_COMMENTS = YES;
				CLANG_WARN_EMPTY_BODY = YES;
				CLANG_WARN_ENUM_CONVERSION = YES;
				CLANG_WARN_INFINITE_RECURSION = YES;
				CLANG_WARN_INT_CONVERSION = YES;
				CLANG_WARN_NON_LITERAL_NULL_CONVERSION = YES;
				CLANG_WARN_OBJC_IMPLICIT_RETAIN_SELF = YES;
				CLANG_WARN_OBJC_LITERAL_CONVERSION = YES;
				CLANG_WARN_OBJC_ROOT_CLASS = YES_ERROR;
				CLANG_WARN_QUOTED_INCLUDE_IN_FRAMEWORK_HEADER = YES;
				CLANG_WARN_RANGE_LOOP_ANALYSIS = YES;
				CLANG_WARN_STRICT_PROTOTYPES = YES;
				CLANG_WARN_SUSPICIOUS_MOVE = YES;
				CLANG_WARN_UNGUARDED_AVAILABILITY = YES_AGGRESSIVE;
				CLANG_WARN_UNREACHABLE_CODE = YES;
				CLANG_WARN__DUPLICATE_METHOD_MATCH = YES;
				COPY_PHASE_STRIP = NO;
				CURRENT_PROJECT_VERSION = 0.1;
				DEAD_CODE_STRIPPING = YES;
				DEBUG_INFORMATION_FORMAT = dwarf;
				ENABLE_STRICT_OBJC_MSGSEND = YES;
				ENABLE_TESTABILITY = YES;
				FRAMEWORK_SEARCH_PATHS = "";
				GCC_C_LANGUAGE_STANDARD = c99;
				GCC_DYNAMIC_NO_PIC = NO;
				GCC_NO_COMMON_BLOCKS = YES;
				GCC_OPTIMIZATION_LEVEL = 0;
				GCC_PREPROCESSOR_DEFINITIONS = (
					"DEBUG=1",
					"$(inherited)",
				);
				GCC_WARN_64_TO_32_BIT_CONVERSION = YES;
				GCC_WARN_ABOUT_RETURN_TYPE = YES_ERROR;
				GCC_WARN_UNDECLARED_SELECTOR = YES;
				GCC_WARN_UNINITIALIZED_AUTOS = YES_AGGRESSIVE;
				GCC_WARN_UNUSED_FUNCTION = YES;
				GCC_WARN_UNUSED_VARIABLE = YES;
				MACOSX_DEPLOYMENT_TARGET = "$(RECOMMENDED_MACOSX_DEPLOYMENT_TARGET)";
				MTL_ENABLE_DEBUG_INFO = INCLUDE_SOURCE;
				MTL_FAST_MATH = YES;
				ONLY_ACTIVE_ARCH = YES;
				OTHER_CFLAGS = "";
				SDKROOT = macosx10.15;
				SYMROOT = "$(PROJECT_DIR)/build";
				SYSTEM_HEADER_SEARCH_PATHS = "";
				VERSIONING_SYSTEM = "apple-generic";
			};
			name = Debug;
		};
		8047693E265AAA1F0019F414 /* Release */ = {
			isa = XCBuildConfiguration;
			buildSettings = {
				ADDITIONAL_SDKS = "";
				ALWAYS_SEARCH_USER_PATHS = NO;
				CLANG_ANALYZER_NONNULL = YES;
				CLANG_ANALYZER_NUMBER_OBJECT_CONVERSION = YES_AGGRESSIVE;
				CLANG_CXX_LANGUAGE_STANDARD = "compiler-default";
				CLANG_CXX_LIBRARY = "libc++";
				CLANG_ENABLE_MODULES = YES;
				CLANG_ENABLE_OBJC_ARC = YES;
				CLANG_ENABLE_OBJC_WEAK = YES;
				CLANG_WARN_BLOCK_CAPTURE_AUTORELEASING = YES;
				CLANG_WARN_BOOL_CONVERSION = YES;
				CLANG_WARN_COMMA = YES;
				CLANG_WARN_CONSTANT_CONVERSION = YES;
				CLANG_WARN_DEPRECATED_OBJC_IMPLEMENTATIONS = YES;
				CLANG_WARN_DIRECT_OBJC_ISA_USAGE = YES_ERROR;
				CLANG_WARN_DOCUMENTATION_COMMENTS = YES;
				CLANG_WARN_EMPTY_BODY = YES;
				CLANG_WARN_ENUM_CONVERSION = YES;
				CLANG_WARN_INFINITE_RECURSION = YES;
				CLANG_WARN_INT_CONVERSION = YES;
				CLANG_WARN_NON_LITERAL_NULL_CONVERSION = YES;
				CLANG_WARN_OBJC_IMPLICIT_RETAIN_SELF = YES;
				CLANG_WARN_OBJC_LITERAL_CONVERSION = YES;
				CLANG_WARN_OBJC_ROOT_CLASS = YES_ERROR;
				CLANG_WARN_QUOTED_INCLUDE_IN_FRAMEWORK_HEADER = YES;
				CLANG_WARN_RANGE_LOOP_ANALYSIS = YES;
				CLANG_WARN_STRICT_PROTOTYPES = YES;
				CLANG_WARN_SUSPICIOUS_MOVE = YES;
				CLANG_WARN_UNGUARDED_AVAILABILITY = YES_AGGRESSIVE;
				CLANG_WARN_UNREACHABLE_CODE = YES;
				CLANG_WARN__DUPLICATE_METHOD_MATCH = YES;
				COPY_PHASE_STRIP = NO;
				CURRENT_PROJECT_VERSION = 0.1;
				DEAD_CODE_STRIPPING = YES;
				DEBUG_INFORMATION_FORMAT = "dwarf-with-dsym";
				ENABLE_NS_ASSERTIONS = NO;
				ENABLE_STRICT_OBJC_MSGSEND = YES;
				FRAMEWORK_SEARCH_PATHS = "";
				GCC_C_LANGUAGE_STANDARD = c99;
				GCC_NO_COMMON_BLOCKS = YES;
				GCC_WARN_64_TO_32_BIT_CONVERSION = YES;
				GCC_WARN_ABOUT_RETURN_TYPE = YES_ERROR;
				GCC_WARN_UNDECLARED_SELECTOR = YES;
				GCC_WARN_UNINITIALIZED_AUTOS = YES_AGGRESSIVE;
				GCC_WARN_UNUSED_FUNCTION = YES;
				GCC_WARN_UNUSED_VARIABLE = YES;
				MACOSX_DEPLOYMENT_TARGET = "$(RECOMMENDED_MACOSX_DEPLOYMENT_TARGET)";
				MTL_ENABLE_DEBUG_INFO = NO;
				MTL_FAST_MATH = YES;
				ONLY_ACTIVE_ARCH = YES;
				OTHER_CFLAGS = "";
				SDKROOT = macosx10.15;
				SYMROOT = "$(PROJECT_DIR)/build";
				SYSTEM_HEADER_SEARCH_PATHS = "";
				VERSIONING_SYSTEM = "apple-generic";
			};
			name = Release;
		};
		80476940265AAA1F0019F414 /* Debug */ = {
			isa = XCBuildConfiguration;
			buildSettings = {
				CLANG_ALLOW_NON_MODULAR_INCLUDES_IN_FRAMEWORK_MODULES = YES;
				CLANG_CXX_LANGUAGE_STANDARD = "compiler-default";
				CLANG_CXX_LIBRARY = "compiler-default";
				CLANG_ENABLE_MODULES = YES;
				CLANG_STATIC_ANALYZER_MODE = deep;
				CLANG_WARN_QUOTED_INCLUDE_IN_FRAMEWORK_HEADER = NO;
				CODE_SIGN_IDENTITY = "Apple Development";
				CODE_SIGN_STYLE = Automatic;
				DEAD_CODE_STRIPPING = YES;
				DEBUG_INFORMATION_FORMAT = "dwarf-with-dsym";
				DEVELOPMENT_TEAM = 5657UV779W;
				ENABLE_HARDENED_RUNTIME = YES;
				GCC_C_LANGUAGE_STANDARD = c99;
				GCC_ENABLE_BUILTIN_FUNCTIONS = YES;
				GCC_ENABLE_CPP_RTTI = YES;
				GCC_FAST_MATH = NO;
				GCC_INPUT_FILETYPE = automatic;
				GCC_NO_COMMON_BLOCKS = NO;
				GCC_PREPROCESSOR_DEFINITIONS = "PRODUCT_BUNDLE_IDENTIFIER=\"$(PRODUCT_BUNDLE_IDENTIFIER)\"";
				GCC_USE_STANDARD_INCLUDE_SEARCHING = YES;
				INFOPLIST_FILE = "macos-btrfs/Info.plist";
				INFOPLIST_PREPROCESS = YES;
				LIBRARY_SEARCH_PATHS = (
					"$(inherited)",
					"$(SDKROOT)/usr/lib/system",
				);
				MACOSX_DEPLOYMENT_TARGET = 13.1;
				MARKETING_VERSION = 0.1;
				MODULE_NAME = com.relalis.macos_btrfs;
				MODULE_START = macos_btrfs_start;
				MODULE_STOP = macos_btrfs_stop;
				MODULE_VERSION = 1.0.0d1;
				MTL_ENABLE_DEBUG_INFO = INCLUDE_SOURCE;
				OTHER_CFLAGS = "";
				OTHER_CPLUSPLUSFLAGS = "$(OTHER_CFLAGS)";
				PRIVATE_HEADERS_FOLDER_PATH = "";
				PRODUCT_BUNDLE_IDENTIFIER = "com.relalis.macos-btrfs";
				PRODUCT_NAME = "$(TARGET_NAME)";
				PUBLIC_HEADERS_FOLDER_PATH = "";
				RUN_CLANG_STATIC_ANALYZER = YES;
				SCAN_ALL_SOURCE_FILES_FOR_INCLUDES = YES;
				SDKROOT = macosx10.15;
				SUPPORTED_PLATFORMS = macosx;
				SYMROOT = "$(PROJECT_DIR)/build";
				WRAPPER_EXTENSION = kext;
			};
			name = Debug;
		};
		80476941265AAA1F0019F414 /* Release */ = {
			isa = XCBuildConfiguration;
			buildSettings = {
				CLANG_ALLOW_NON_MODULAR_INCLUDES_IN_FRAMEWORK_MODULES = YES;
				CLANG_CXX_LANGUAGE_STANDARD = "compiler-default";
				CLANG_CXX_LIBRARY = "compiler-default";
				CLANG_ENABLE_MODULES = YES;
				CLANG_STATIC_ANALYZER_MODE = deep;
				CLANG_WARN_QUOTED_INCLUDE_IN_FRAMEWORK_HEADER = NO;
				CODE_SIGN_IDENTITY = "Apple Development";
				CODE_SIGN_STYLE = Automatic;
				DEAD_CODE_STRIPPING = YES;
				DEBUG_INFORMATION_FORMAT = "dwarf-with-dsym";
				DEVELOPMENT_TEAM = 5657UV779W;
				ENABLE_HARDENED_RUNTIME = YES;
				ENABLE_NS_ASSERTIONS = NO;
				ENABLE_TESTABILITY = YES;
				GCC_C_LANGUAGE_STANDARD = c99;
				GCC_ENABLE_BUILTIN_FUNCTIONS = YES;
				GCC_ENABLE_CPP_RTTI = YES;
				GCC_FAST_MATH = NO;
				GCC_INPUT_FILETYPE = automatic;
				GCC_NO_COMMON_BLOCKS = NO;
				GCC_PREPROCESSOR_DEFINITIONS = "PRODUCT_BUNDLE_IDENTIFIER=\"$(PRODUCT_BUNDLE_IDENTIFIER)\"";
				GCC_USE_STANDARD_INCLUDE_SEARCHING = YES;
				INFOPLIST_FILE = "macos-btrfs/Info.plist";
				INFOPLIST_PREPROCESS = YES;
				LIBRARY_SEARCH_PATHS = (
					"$(inherited)",
					"$(SDKROOT)/usr/lib/system",
				);
				MACOSX_DEPLOYMENT_TARGET = 13.1;
				MARKETING_VERSION = 0.1;
				MODULE_NAME = com.relalis.macos_btrfs;
				MODULE_START = macos_btrfs_start;
				MODULE_STOP = macos_btrfs_stop;
				MODULE_VERSION = 1.0.0d1;
				MTL_ENABLE_DEBUG_INFO = INCLUDE_SOURCE;
				OTHER_CFLAGS = "";
				OTHER_CPLUSPLUSFLAGS = "$(OTHER_CFLAGS)";
				PRIVATE_HEADERS_FOLDER_PATH = "";
				PRODUCT_BUNDLE_IDENTIFIER = "com.relalis.macos-btrfs";
				PRODUCT_NAME = "$(TARGET_NAME)";
				PUBLIC_HEADERS_FOLDER_PATH = "";
				RUN_CLANG_STATIC_ANALYZER = YES;
				SCAN_ALL_SOURCE_FILES_FOR_INCLUDES = YES;
				SDKROOT = macosx10.15;
				SUPPORTED_PLATFORMS = macosx;
				SYMROOT = "$(PROJECT_DIR)/build";
				WRAPPER_EXTENSION = kext;
			};
			name = Release;
		};
		805F6B58265C0DC900531605 /* Debug */ = {
			isa = XCBuildConfiguration;
			buildSettings = {
				CODE_SIGN_IDENTITY = "-";
				CODE_SIGN_STYLE = Automatic;
				DEAD_CODE_STRIPPING = YES;
				DEVELOPMENT_TEAM = 5657UV779W;
				ENABLE_HARDENED_RUNTIME = YES;
				MACOSX_DEPLOYMENT_TARGET = 13.1;
				PRIVATE_HEADERS_FOLDER_PATH = "";
				PRODUCT_NAME = "$(TARGET_NAME)";
				SDKROOT = macosx10.15;
			};
			name = Debug;
		};
		805F6B59265C0DC900531605 /* Release */ = {
			isa = XCBuildConfiguration;
			buildSettings = {
				CODE_SIGN_IDENTITY = "-";
				CODE_SIGN_STYLE = Automatic;
				DEAD_CODE_STRIPPING = YES;
				DEVELOPMENT_TEAM = 5657UV779W;
				ENABLE_HARDENED_RUNTIME = YES;
				MACOSX_DEPLOYMENT_TARGET = 13.1;
				PRIVATE_HEADERS_FOLDER_PATH = "";
				PRODUCT_NAME = "$(TARGET_NAME)";
				SDKROOT = macosx10.15;
			};
			name = Release;
		};
		80AEB7EF269361B000C93F47 /* Debug */ = {
			isa = XCBuildConfiguration;
			buildSettings = {
				ADDITIONAL_SDKS = "";
				ALWAYS_SEARCH_USER_PATHS = YES;
				CLANG_CXX_LIBRARY = "compiler-default";
				CODE_SIGN_IDENTITY = "-";
				CODE_SIGN_STYLE = Automatic;
				DEAD_CODE_STRIPPING = YES;
				DEVELOPMENT_TEAM = 5657UV779W;
				ENABLE_HARDENED_RUNTIME = YES;
				GCC_C_LANGUAGE_STANDARD = "compiler-default";
				LIBRARY_SEARCH_PATHS = (
					"$(inherited)",
					"$(PROJECT_DIR)",
				);
				MACOSX_DEPLOYMENT_TARGET = 13.1;
				OTHER_LDFLAGS = "";
				PRELINK_LIBS = "";
				PRODUCT_NAME = "$(TARGET_NAME)";
			};
			name = Debug;
		};
		80AEB7F0269361B000C93F47 /* Release */ = {
			isa = XCBuildConfiguration;
			buildSettings = {
				ADDITIONAL_SDKS = "";
				ALWAYS_SEARCH_USER_PATHS = YES;
				CLANG_CXX_LIBRARY = "compiler-default";
				CODE_SIGN_IDENTITY = "-";
				CODE_SIGN_STYLE = Automatic;
				DEAD_CODE_STRIPPING = YES;
				DEVELOPMENT_TEAM = 5657UV779W;
				ENABLE_HARDENED_RUNTIME = YES;
				GCC_C_LANGUAGE_STANDARD = "compiler-default";
				LIBRARY_SEARCH_PATHS = (
					"$(inherited)",
					"$(PROJECT_DIR)",
				);
				MACOSX_DEPLOYMENT_TARGET = 13.1;
				OTHER_LDFLAGS = "";
				PRELINK_LIBS = "";
				PRODUCT_NAME = "$(TARGET_NAME)";
			};
			name = Release;
		};
		80AF8082265D207F00F7A600 /* Debug */ = {
			isa = XCBuildConfiguration;
			buildSettings = {
				ADDITIONAL_SDKS = "";
				CLANG_ANALYZER_LOCALIZABILITY_NONLOCALIZED = YES;
				CLANG_ANALYZER_NUMBER_OBJECT_CONVERSION = YES;
				CLANG_ENABLE_MODULES = NO;
				CLANG_ENABLE_OBJC_ARC = NO;
				CLANG_WARN_DOCUMENTATION_COMMENTS = NO;
				CLANG_WARN_QUOTED_INCLUDE_IN_FRAMEWORK_HEADER = NO;
				CODE_SIGN_STYLE = Automatic;
				COMBINE_HIDPI_IMAGES = NO;
				DEAD_CODE_STRIPPING = YES;
				DEBUG_INFORMATION_FORMAT = "dwarf-with-dsym";
				DEVELOPMENT_TEAM = 5657UV779W;
				ENABLE_NS_ASSERTIONS = YES;
				FRAMEWORK_SEARCH_PATHS = "";
				FS_BUNDLE_BIN_DIR = Contents/Resources;
				FS_BUNDLE_BIN_PATH = $FS_BUNDLE_PATH/$FS_BUNDLE_BIN_DIR;
				FS_BUNDLE_PATH = /System/Library/Filesystems/ntfs.fs;
				GCC_INLINES_ARE_PRIVATE_EXTERN = NO;
				GCC_SYMBOLS_PRIVATE_EXTERN = NO;
				GCC_WARN_ABOUT_MISSING_PROTOTYPES = YES;
				GCC_WARN_ABOUT_RETURN_TYPE = YES;
				GCC_WARN_FOUR_CHARACTER_CONSTANTS = YES;
				GCC_WARN_INITIALIZER_NOT_FULLY_BRACKETED = YES;
				GCC_WARN_SHADOW = YES;
				GCC_WARN_SIGN_COMPARE = YES;
				INFOPLIST_FILE = btrfs_fs/Info.plist;
				INSTALL_PATH = "$(SYSTEM_LIBRARY_DIR)/Filesystems";
				MACOSX_DEPLOYMENT_TARGET = 13.1;
				OTHER_LDFLAGS = "-bundle";
				PRODUCT_BUNDLE_IDENTIFIER = com.relalis.btrfs;
				PRODUCT_NAME = btrfs;
				SKIP_INSTALL = NO;
				SYSTEM_FRAMEWORK_SEARCH_PATHS = "";
				SYSTEM_HEADER_SEARCH_PATHS = "$(SDK_DIR)/System/Library/Frameworks/Kernel.framework/Headers";
				WARNING_CFLAGS = (
					"-Wmost",
					"-Wno-four-char-constants",
					"-Wno-unknown-pragmas",
				);
				WRAPPER_EXTENSION = fs;
				ZERO_LINK = "";
			};
			name = Debug;
		};
		80AF8083265D207F00F7A600 /* Release */ = {
			isa = XCBuildConfiguration;
			buildSettings = {
				ADDITIONAL_SDKS = "";
				CLANG_ANALYZER_LOCALIZABILITY_NONLOCALIZED = YES;
				CLANG_ANALYZER_NUMBER_OBJECT_CONVERSION = YES;
				CLANG_ENABLE_MODULES = NO;
				CLANG_ENABLE_OBJC_ARC = NO;
				CLANG_WARN_DOCUMENTATION_COMMENTS = NO;
				CLANG_WARN_QUOTED_INCLUDE_IN_FRAMEWORK_HEADER = NO;
				CODE_SIGN_STYLE = Automatic;
				COMBINE_HIDPI_IMAGES = NO;
				COPY_PHASE_STRIP = YES;
				DEAD_CODE_STRIPPING = YES;
				DEVELOPMENT_TEAM = 5657UV779W;
				ENABLE_NS_ASSERTIONS = YES;
				FRAMEWORK_SEARCH_PATHS = "";
				FS_BUNDLE_BIN_DIR = Contents/Resources;
				FS_BUNDLE_BIN_PATH = $FS_BUNDLE_PATH/$FS_BUNDLE_BIN_DIR;
				FS_BUNDLE_PATH = /System/Library/Filesystems/ntfs.fs;
				GCC_INLINES_ARE_PRIVATE_EXTERN = NO;
				GCC_SYMBOLS_PRIVATE_EXTERN = NO;
				GCC_WARN_ABOUT_MISSING_PROTOTYPES = YES;
				GCC_WARN_ABOUT_RETURN_TYPE = YES;
				GCC_WARN_FOUR_CHARACTER_CONSTANTS = YES;
				GCC_WARN_INITIALIZER_NOT_FULLY_BRACKETED = YES;
				GCC_WARN_SHADOW = YES;
				GCC_WARN_SIGN_COMPARE = YES;
				INFOPLIST_FILE = btrfs_fs/Info.plist;
				INSTALL_PATH = "$(SYSTEM_LIBRARY_DIR)/Filesystems";
				MACOSX_DEPLOYMENT_TARGET = 13.1;
				OTHER_LDFLAGS = "-bundle";
				PRODUCT_BUNDLE_IDENTIFIER = com.relalis.btrfs;
				PRODUCT_NAME = btrfs;
				SKIP_INSTALL = NO;
				SYSTEM_FRAMEWORK_SEARCH_PATHS = "";
				SYSTEM_HEADER_SEARCH_PATHS = "$(SDK_DIR)/System/Library/Frameworks/Kernel.framework/Headers";
				WARNING_CFLAGS = (
					"-Wmost",
					"-Wno-four-char-constants",
					"-Wno-unknown-pragmas",
				);
				WRAPPER_EXTENSION = fs;
				ZERO_LINK = NO;
			};
			name = Release;
		};
/* End XCBuildConfiguration section */

/* Begin XCConfigurationList section */
		802BEB33299A4BEA00AECEDF /* Build configuration list for PBXAggregateTarget "btrfs" */ = {
			isa = XCConfigurationList;
			buildConfigurations = (
				802BEB34299A4BEA00AECEDF /* Debug */,
				802BEB35299A4BEA00AECEDF /* Release */,
			);
			defaultConfigurationIsVisible = 0;
			defaultConfigurationName = Release;
		};
		80476931265AAA1F0019F414 /* Build configuration list for PBXProject "macos-btrfs" */ = {
			isa = XCConfigurationList;
			buildConfigurations = (
				8047693D265AAA1F0019F414 /* Debug */,
				8047693E265AAA1F0019F414 /* Release */,
			);
			defaultConfigurationIsVisible = 0;
			defaultConfigurationName = Release;
		};
		8047693F265AAA1F0019F414 /* Build configuration list for PBXNativeTarget "macos-btrfs" */ = {
			isa = XCConfigurationList;
			buildConfigurations = (
				80476940265AAA1F0019F414 /* Debug */,
				80476941265AAA1F0019F414 /* Release */,
			);
			defaultConfigurationIsVisible = 0;
			defaultConfigurationName = Release;
		};
		805F6B57265C0DC900531605 /* Build configuration list for PBXNativeTarget "btrfs.util" */ = {
			isa = XCConfigurationList;
			buildConfigurations = (
				805F6B58265C0DC900531605 /* Debug */,
				805F6B59265C0DC900531605 /* Release */,
			);
			defaultConfigurationIsVisible = 0;
			defaultConfigurationName = Release;
		};
		80AEB7EE269361B000C93F47 /* Build configuration list for PBXNativeTarget "mount_btrfs" */ = {
			isa = XCConfigurationList;
			buildConfigurations = (
				80AEB7EF269361B000C93F47 /* Debug */,
				80AEB7F0269361B000C93F47 /* Release */,
			);
			defaultConfigurationIsVisible = 0;
			defaultConfigurationName = Release;
		};
		80AF8081265D207F00F7A600 /* Build configuration list for PBXNativeTarget "btrfs.fs" */ = {
			isa = XCConfigurationList;
			buildConfigurations = (
				80AF8082265D207F00F7A600 /* Debug */,
				80AF8083265D207F00F7A600 /* Release */,
			);
			defaultConfigurationIsVisible = 0;
			defaultConfigurationName = Release;
		};
/* End XCConfigurationList section */
	};
	rootObject = 8047692E265AAA1F0019F414 /* Project object */;
}
